
Microsoft Visual Studio Solution File, Format Version 12.00
# Visual Studio 14
VisualStudioVersion = 14.0.23107.0
MinimumVisualStudioVersion = 10.0.40219.1
Project("{FAE04EC0-301F-11D3-BF4B-00C04F79EFBC}") = "CCBQuickCategorizer", "CCBQuickCategorizer\CCBQuickCategorizer.csproj", "{31FC5D9F-245C-4F0E-9296-ADE143499ED9}"
EndProject
Project("{FAE04EC0-301F-11D3-BF4B-00C04F79EFBC}") = "QuickCategorizeDL", "QuickCategorizeDL\QuickCategorizeDL.csproj", "{643C819E-71D3-4042-B62E-F7AF39E7EA0D}"
EndProject
Global
	GlobalSection(SolutionConfigurationPlatforms) = preSolution
		Debug|Any CPU = Debug|Any CPU
		Release|Any CPU = Release|Any CPU
	EndGlobalSection
	GlobalSection(ProjectConfigurationPlatforms) = postSolution
		{31FC5D9F-245C-4F0E-9296-ADE143499ED9}.Debug|Any CPU.ActiveCfg = Debug|Any CPU
		{31FC5D9F-245C-4F0E-9296-ADE143499ED9}.Debug|Any CPU.Build.0 = Debug|Any CPU
		{31FC5D9F-245C-4F0E-9296-ADE143499ED9}.Release|Any CPU.ActiveCfg = Release|Any CPU
		{31FC5D9F-245C-4F0E-9296-ADE143499ED9}.Release|Any CPU.Build.0 = Release|Any CPU
		{643C819E-71D3-4042-B62E-F7AF39E7EA0D}.Debug|Any CPU.ActiveCfg = Debug|Any CPU
		{643C819E-71D3-4042-B62E-F7AF39E7EA0D}.Debug|Any CPU.Build.0 = Debug|Any CPU
		{643C819E-71D3-4042-B62E-F7AF39E7EA0D}.Release|Any CPU.ActiveCfg = Release|Any CPU
		{643C819E-71D3-4042-B62E-F7AF39E7EA0D}.Release|Any CPU.Build.0 = Release|Any CPU
	EndGlobalSection
	GlobalSection(SolutionProperties) = preSolution
		HideSolutionNode = FALSE
	EndGlobalSection
EndGlobal
