
Microsoft Visual Studio Solution File, Format Version 12.00
# Visual Studio Version 17
VisualStudioVersion = 17.2.32630.192
MinimumVisualStudioVersion = 10.0.40219.1
Project("{2150E333-8FDC-42A3-9474-1A3956D46DE8}") = "_Documentation", "_Documentation", "{6D4474F8-AE2B-471D-AA0A-06539CECC3B8}"
	ProjectSection(SolutionItems) = preProject
		History.txt = History.txt
		README.md = README.md
	EndProjectSection
EndProject
Project("{2150E333-8FDC-42A3-9474-1A3956D46DE8}") = "_SolutionItems", "_SolutionItems", "{A39C1A3A-043E-4402-AAF6-1AE70517CA5A}"
	ProjectSection(SolutionItems) = preProject
		.gitattributes = .gitattributes
		.gitignore = .gitignore
	EndProjectSection
EndProject
Project("{2150E333-8FDC-42A3-9474-1A3956D46DE8}") = "net8", "net8", "{597D291D-79BC-4616-B0D3-BAEF0F2E5414}"
EndProject
Project("{FAE04EC0-301F-11D3-BF4B-00C04F79EFBC}") = "CCBQuickCategorizerV2", "CCBQuickCategorizerV2\CCBQuickCategorizerV2.csproj", "{F99DA2EE-F4E1-D34E-74FD-DE7CA9AC4D2C}"
EndProject
Project("{FAE04EC0-301F-11D3-BF4B-00C04F79EFBC}") = "QuickCategorizeDLV2", "QuickCategorizeDLV2\QuickCategorizeDLV2.csproj", "{36A934C1-EBD8-6F06-01AE-7A5996961210}"
EndProject
Global
	GlobalSection(SolutionConfigurationPlatforms) = preSolution
		Debug|Any CPU = Debug|Any CPU
		Release|Any CPU = Release|Any CPU
	EndGlobalSection
	GlobalSection(ProjectConfigurationPlatforms) = postSolution
		{F99DA2EE-F4E1-D34E-74FD-DE7CA9AC4D2C}.Debug|Any CPU.ActiveCfg = Debug|Any CPU
		{F99DA2EE-F4E1-D34E-74FD-DE7CA9AC4D2C}.Debug|Any CPU.Build.0 = Debug|Any CPU
		{F99DA2EE-F4E1-D34E-74FD-DE7CA9AC4D2C}.Release|Any CPU.ActiveCfg = Release|Any CPU
		{F99DA2EE-F4E1-D34E-74FD-DE7CA9AC4D2C}.Release|Any CPU.Build.0 = Release|Any CPU
		{36A934C1-EBD8-6F06-01AE-7A5996961210}.Debug|Any CPU.ActiveCfg = Debug|Any CPU
		{36A934C1-EBD8-6F06-01AE-7A5996961210}.Debug|Any CPU.Build.0 = Debug|Any CPU
		{36A934C1-EBD8-6F06-01AE-7A5996961210}.Release|Any CPU.ActiveCfg = Release|Any CPU
		{36A934C1-EBD8-6F06-01AE-7A5996961210}.Release|Any CPU.Build.0 = Release|Any CPU
	EndGlobalSection
	GlobalSection(SolutionProperties) = preSolution
		HideSolutionNode = FALSE
	EndGlobalSection
	GlobalSection(NestedProjects) = preSolution
		{F99DA2EE-F4E1-D34E-74FD-DE7CA9AC4D2C} = {597D291D-79BC-4616-B0D3-BAEF0F2E5414}
		{36A934C1-EBD8-6F06-01AE-7A5996961210} = {597D291D-79BC-4616-B0D3-BAEF0F2E5414}
	EndGlobalSection
	GlobalSection(ExtensibilityGlobals) = postSolution
		SolutionGuid = {004189D8-9953-4322-89F9-D79D4F200A50}
	EndGlobalSection
EndGlobal
